
Microsoft Visual Studio Solution File, Format Version 12.00
# Visual Studio 2012
Project("{E24C65DC-7377-472B-9ABA-BC803B73C61A}") = "forumsoftware", "Users\Renuka sanga\Desktop\forumsoftware\", "{D8017226-75DB-4095-AF39-ED410C55AEF3}"
	ProjectSection(WebsiteProperties) = preProject
		TargetFrameworkMoniker = ".NETFramework,Version%3Dv2.0"
		Debug.AspNetCompiler.VirtualPath = "/forumsoftware"
		Debug.AspNetCompiler.PhysicalPath = "..\..\..\..\Desktop\forumsoftware\"
		Debug.AspNetCompiler.TargetPath = "PrecompiledWeb\forumsoftware\"
		Debug.AspNetCompiler.Updateable = "true"
		Debug.AspNetCompiler.ForceOverwrite = "true"
		Debug.AspNetCompiler.FixedNames = "false"
		Debug.AspNetCompiler.Debug = "True"
		Release.AspNetCompiler.VirtualPath = "/forumsoftware"
		Release.AspNetCompiler.PhysicalPath = "..\..\..\..\Desktop\forumsoftware\"
		Release.AspNetCompiler.TargetPath = "PrecompiledWeb\forumsoftware\"
		Release.AspNetCompiler.Updateable = "true"
		Release.AspNetCompiler.ForceOverwrite = "true"
		Release.AspNetCompiler.FixedNames = "false"
		Release.AspNetCompiler.Debug = "False"
		VWDPort = "61704"
	EndProjectSection
EndProject
Global
	GlobalSection(SolutionConfigurationPlatforms) = preSolution
		Debug|Any CPU = Debug|Any CPU
	EndGlobalSection
	GlobalSection(ProjectConfigurationPlatforms) = postSolution
		{D8017226-75DB-4095-AF39-ED410C55AEF3}.Debug|Any CPU.ActiveCfg = Debug|Any CPU
		{D8017226-75DB-4095-AF39-ED410C55AEF3}.Debug|Any CPU.Build.0 = Debug|Any CPU
	EndGlobalSection
	GlobalSection(SolutionProperties) = preSolution
		HideSolutionNode = FALSE
	EndGlobalSection
EndGlobal
